
Microsoft Visual Studio Solution File, Format Version 12.00
# Visual Studio Version 17
VisualStudioVersion = 17.5.33530.505
MinimumVisualStudioVersion = 10.0.40219.1
Project("{9A19103F-16F7-4668-BE54-9A1E7A4F7556}") = "WebApi", "src\WebApi\WebApi.csproj", "{DEEC576D-A7E0-4F5F-AA39-3D239B885BA1}"
EndProject
Project("{2150E333-8FDC-42A3-9474-1A3956D46DE8}") = "Common", "Common", "{A5E42A15-1E66-458C-8355-2C2B29B46EBF}"
	ProjectSection(SolutionItems) = preProject
		..\.gitignore = ..\.gitignore
	EndProjectSection
EndProject
Project("{9A19103F-16F7-4668-BE54-9A1E7A4F7556}") = "InterpreterTest", "src\InterpreterTest\InterpreterTest.csproj", "{7723D2F8-0A1A-4908-A678-E1C3BAD13F12}"
EndProject
Project("{FAE04EC0-301F-11D3-BF4B-00C04F79EFBC}") = "Interpreter", "src\Interpreter\Interpreter.csproj", "{1BDB6F13-1EC2-4DF1-9854-DE76E599CD29}"
EndProject
Global
	GlobalSection(SolutionConfigurationPlatforms) = preSolution
		Debug|Any CPU = Debug|Any CPU
		Release|Any CPU = Release|Any CPU
	EndGlobalSection
	GlobalSection(ProjectConfigurationPlatforms) = postSolution
		{DEEC576D-A7E0-4F5F-AA39-3D239B885BA1}.Debug|Any CPU.ActiveCfg = Debug|Any CPU
		{DEEC576D-A7E0-4F5F-AA39-3D239B885BA1}.Debug|Any CPU.Build.0 = Debug|Any CPU
		{DEEC576D-A7E0-4F5F-AA39-3D239B885BA1}.Release|Any CPU.ActiveCfg = Release|Any CPU
		{DEEC576D-A7E0-4F5F-AA39-3D239B885BA1}.Release|Any CPU.Build.0 = Release|Any CPU
		{7723D2F8-0A1A-4908-A678-E1C3BAD13F12}.Debug|Any CPU.ActiveCfg = Debug|Any CPU
		{7723D2F8-0A1A-4908-A678-E1C3BAD13F12}.Debug|Any CPU.Build.0 = Debug|Any CPU
		{7723D2F8-0A1A-4908-A678-E1C3BAD13F12}.Release|Any CPU.ActiveCfg = Release|Any CPU
		{7723D2F8-0A1A-4908-A678-E1C3BAD13F12}.Release|Any CPU.Build.0 = Release|Any CPU
		{1BDB6F13-1EC2-4DF1-9854-DE76E599CD29}.Debug|Any CPU.ActiveCfg = Debug|Any CPU
		{1BDB6F13-1EC2-4DF1-9854-DE76E599CD29}.Debug|Any CPU.Build.0 = Debug|Any CPU
		{1BDB6F13-1EC2-4DF1-9854-DE76E599CD29}.Release|Any CPU.ActiveCfg = Release|Any CPU
		{1BDB6F13-1EC2-4DF1-9854-DE76E599CD29}.Release|Any CPU.Build.0 = Release|Any CPU
	EndGlobalSection
	GlobalSection(SolutionProperties) = preSolution
		HideSolutionNode = FALSE
	EndGlobalSection
	GlobalSection(ExtensibilityGlobals) = postSolution
		SolutionGuid = {979AB753-624E-489D-B7D6-CA366684E624}
	EndGlobalSection
EndGlobal
